Microsoft Visual Studio Solution File, Format Version 12.00
# Visual Studio Version 17
VisualStudioVersion = 17.5.2.0
MinimumVisualStudioVersion = 10.0.40219.1
Project("{2150E333-8FDC-42A3-9474-1A3956D46DE8}") = "Datos-Metodos", "Datos-Metodos", "{E7F4AE34-99D1-0666-22B7-DE6E90C5EFF8}"
EndProject
Project("{FAE04EC0-301F-11D3-BF4B-00C04F79EFBC}") = "Tipos-Datos", "Datos-Metodos\Tipos-Datos\Tipos-Datos.csproj", "{9474156E-BEC1-8DD6-3AE5-3756FA8D794F}"
EndProject
Global
	GlobalSection(SolutionConfigurationPlatforms) = preSolution
		Debug|Any CPU = Debug|Any CPU
		Release|Any CPU = Release|Any CPU
	EndGlobalSection
	GlobalSection(ProjectConfigurationPlatforms) = postSolution
		{9474156E-BEC1-8DD6-3AE5-3756FA8D794F}.Debug|Any CPU.ActiveCfg = Debug|Any CPU
		{9474156E-BEC1-8DD6-3AE5-3756FA8D794F}.Debug|Any CPU.Build.0 = Debug|Any CPU
		{9474156E-BEC1-8DD6-3AE5-3756FA8D794F}.Release|Any CPU.ActiveCfg = Release|Any CPU
		{9474156E-BEC1-8DD6-3AE5-3756FA8D794F}.Release|Any CPU.Build.0 = Release|Any CPU
	EndGlobalSection
	GlobalSection(SolutionProperties) = preSolution
		HideSolutionNode = FALSE
	EndGlobalSection
	GlobalSection(NestedProjects) = preSolution
		{9474156E-BEC1-8DD6-3AE5-3756FA8D794F} = {E7F4AE34-99D1-0666-22B7-DE6E90C5EFF8}
	EndGlobalSection
	GlobalSection(ExtensibilityGlobals) = postSolution
		SolutionGuid = {D0F9554C-B00D-42BC-9BD2-578BA0A4F502}
	EndGlobalSection
EndGlobal
